
Microsoft Visual Studio Solution File, Format Version 12.00
# Visual Studio Version 16
VisualStudioVersion = 16.0.29215.179
MinimumVisualStudioVersion = 10.0.40219.1
Project("{FAE04EC0-301F-11D3-BF4B-00C04F79EFBC}") = "GraphFilter", "GraphFilter\GraphFilter.csproj", "{AA09D195-D0BD-46DF-BFE3-C64A1033C9C2}"
	ProjectSection(ProjectDependencies) = postProject
		{B977C4F3-BCEF-4C77-A354-8A574A221F30} = {B977C4F3-BCEF-4C77-A354-8A574A221F30}
	EndProjectSection
EndProject
Project("{FAE04EC0-301F-11D3-BF4B-00C04F79EFBC}") = "GraphFilterTest", "GraphFilterTest\GraphFilterTest.csproj", "{D553C0D4-4E5F-4F88-B8D7-856DDC388E48}"
EndProject
Project("{8BC9CEB8-8B4A-11D0-8D11-00A0C91BC942}") = "BoostLib", "BoostLib\BoostLib.vcxproj", "{B977C4F3-BCEF-4C77-A354-8A574A221F30}"
EndProject
Global
	GlobalSection(SolutionConfigurationPlatforms) = preSolution
		Debug|Any CPU = Debug|Any CPU
		Debug|x64 = Debug|x64
		Debug|x86 = Debug|x86
		Release|Any CPU = Release|Any CPU
		Release|x64 = Release|x64
		Release|x86 = Release|x86
	EndGlobalSection
	GlobalSection(ProjectConfigurationPlatforms) = postSolution
		{AA09D195-D0BD-46DF-BFE3-C64A1033C9C2}.Debug|Any CPU.ActiveCfg = Debug|Any CPU
		{AA09D195-D0BD-46DF-BFE3-C64A1033C9C2}.Debug|Any CPU.Build.0 = Debug|Any CPU
		{AA09D195-D0BD-46DF-BFE3-C64A1033C9C2}.Debug|x64.ActiveCfg = Debug|x64
		{AA09D195-D0BD-46DF-BFE3-C64A1033C9C2}.Debug|x64.Build.0 = Debug|x64
		{AA09D195-D0BD-46DF-BFE3-C64A1033C9C2}.Debug|x86.ActiveCfg = Debug|Any CPU
		{AA09D195-D0BD-46DF-BFE3-C64A1033C9C2}.Debug|x86.Build.0 = Debug|Any CPU
		{AA09D195-D0BD-46DF-BFE3-C64A1033C9C2}.Release|Any CPU.ActiveCfg = Release|Any CPU
		{AA09D195-D0BD-46DF-BFE3-C64A1033C9C2}.Release|Any CPU.Build.0 = Release|Any CPU
		{AA09D195-D0BD-46DF-BFE3-C64A1033C9C2}.Release|x64.ActiveCfg = Release|Any CPU
		{AA09D195-D0BD-46DF-BFE3-C64A1033C9C2}.Release|x64.Build.0 = Release|Any CPU
		{AA09D195-D0BD-46DF-BFE3-C64A1033C9C2}.Release|x86.ActiveCfg = Release|Any CPU
		{AA09D195-D0BD-46DF-BFE3-C64A1033C9C2}.Release|x86.Build.0 = Release|Any CPU
		{D553C0D4-4E5F-4F88-B8D7-856DDC388E48}.Debug|Any CPU.ActiveCfg = Debug|Any CPU
		{D553C0D4-4E5F-4F88-B8D7-856DDC388E48}.Debug|Any CPU.Build.0 = Debug|Any CPU
		{D553C0D4-4E5F-4F88-B8D7-856DDC388E48}.Debug|x64.ActiveCfg = Debug|x64
		{D553C0D4-4E5F-4F88-B8D7-856DDC388E48}.Debug|x64.Build.0 = Debug|x64
		{D553C0D4-4E5F-4F88-B8D7-856DDC388E48}.Debug|x86.ActiveCfg = Debug|Any CPU
		{D553C0D4-4E5F-4F88-B8D7-856DDC388E48}.Debug|x86.Build.0 = Debug|Any CPU
		{D553C0D4-4E5F-4F88-B8D7-856DDC388E48}.Release|Any CPU.ActiveCfg = Release|Any CPU
		{D553C0D4-4E5F-4F88-B8D7-856DDC388E48}.Release|Any CPU.Build.0 = Release|Any CPU
		{D553C0D4-4E5F-4F88-B8D7-856DDC388E48}.Release|x64.ActiveCfg = Release|Any CPU
		{D553C0D4-4E5F-4F88-B8D7-856DDC388E48}.Release|x64.Build.0 = Release|Any CPU
		{D553C0D4-4E5F-4F88-B8D7-856DDC388E48}.Release|x86.ActiveCfg = Release|Any CPU
		{D553C0D4-4E5F-4F88-B8D7-856DDC388E48}.Release|x86.Build.0 = Release|Any CPU
		{B977C4F3-BCEF-4C77-A354-8A574A221F30}.Debug|Any CPU.ActiveCfg = Debug|x64
		{B977C4F3-BCEF-4C77-A354-8A574A221F30}.Debug|x64.ActiveCfg = Debug|x64
		{B977C4F3-BCEF-4C77-A354-8A574A221F30}.Debug|x64.Build.0 = Debug|x64
		{B977C4F3-BCEF-4C77-A354-8A574A221F30}.Debug|x86.ActiveCfg = Debug|Win32
		{B977C4F3-BCEF-4C77-A354-8A574A221F30}.Debug|x86.Build.0 = Debug|Win32
		{B977C4F3-BCEF-4C77-A354-8A574A221F30}.Release|Any CPU.ActiveCfg = Release|Win32
		{B977C4F3-BCEF-4C77-A354-8A574A221F30}.Release|x64.ActiveCfg = Release|x64
		{B977C4F3-BCEF-4C77-A354-8A574A221F30}.Release|x64.Build.0 = Release|x64
		{B977C4F3-BCEF-4C77-A354-8A574A221F30}.Release|x86.ActiveCfg = Release|Win32
		{B977C4F3-BCEF-4C77-A354-8A574A221F30}.Release|x86.Build.0 = Release|Win32
	EndGlobalSection
	GlobalSection(SolutionProperties) = preSolution
		HideSolutionNode = FALSE
	EndGlobalSection
	GlobalSection(ExtensibilityGlobals) = postSolution
		SolutionGuid = {03DC344E-911C-45BE-9FB3-EF5188ADEA68}
	EndGlobalSection
EndGlobal
